// !$*UTF8*$!
{
	archiveVersion = 1;
	classes = {
	};
	objectVersion = 46;
	objects = {

/* Begin PBXBuildFile section */
		04EB675D1D507D0E00EF3640 /* main.m in Sources */ = {isa = PBXBuildFile; fileRef = 04EB675C1D507D0E00EF3640 /* main.m */; };
		04EB67601D507D0E00EF3640 /* AppDelegate.m in Sources */ = {isa = PBXBuildFile; fileRef = 04EB675F1D507D0E00EF3640 /* AppDelegate.m */; };
		04EB67631D507D0E00EF3640 /* ViewController.m in Sources */ = {isa = PBXBuildFile; fileRef = 04EB67621D507D0E00EF3640 /* ViewController.m */; };
		04EB67661D507D0E00EF3640 /* Main.storyboard in Resources */ = {isa = PBXBuildFile; fileRef = 04EB67641D507D0E00EF3640 /* Main.storyboard */; };
		04EB67681D507D0E00EF3640 /* Assets.xcassets in Resources */ = {isa = PBXBuildFile; fileRef = 04EB67671D507D0E00EF3640 /* Assets.xcassets */; };
		04EB676B1D507D0E00EF3640 /* LaunchScreen.storyboard in Resources */ = {isa = PBXBuildFile; fileRef = 04EB67691D507D0E00EF3640 /* LaunchScreen.storyboard */; };
		04EB67761D507D0F00EF3640 /* WMMenu_DemoTests.m in Sources */ = {isa = PBXBuildFile; fileRef = 04EB67751D507D0F00EF3640 /* WMMenu_DemoTests.m */; };
		04EB67811D507D0F00EF3640 /* WMMenu_DemoUITests.m in Sources */ = {isa = PBXBuildFile; fileRef = 04EB67801D507D0F00EF3640 /* WMMenu_DemoUITests.m */; };
		04EB67911D507DAA00EF3640 /* WMMenu.m in Sources */ = {isa = PBXBuildFile; fileRef = 04EB67901D507DAA00EF3640 /* WMMenu.m */; };
		04EB67941D507DD400EF3640 /* WMMenuItem.m in Sources */ = {isa = PBXBuildFile; fileRef = 04EB67931D507DD400EF3640 /* WMMenuItem.m */; };
		04EB67D51D508C2A00EF3640 /* 回复我的@2x.png in Resources */ = {isa = PBXBuildFile; fileRef = 04EB67CB1D508C2A00EF3640 /* 回复我的@2x.png */; };
		04EB67D61D508C2A00EF3640 /* 回复我的@3x.png in Resources */ = {isa = PBXBuildFile; fileRef = 04EB67CC1D508C2A00EF3640 /* 回复我的@3x.png */; };
		04EB67D71D508C2A00EF3640 /* 我的发帖@2x.png in Resources */ = {isa = PBXBuildFile; fileRef = 04EB67CD1D508C2A00EF3640 /* 我的发帖@2x.png */; };
		04EB67D81D508C2A00EF3640 /* 我的发帖@3x.png in Resources */ = {isa = PBXBuildFile; fileRef = 04EB67CE1D508C2A00EF3640 /* 我的发帖@3x.png */; };
		04EB67D91D508C2A00EF3640 /* 我的回帖@2x.png in Resources */ = {isa = PBXBuildFile; fileRef = 04EB67CF1D508C2A00EF3640 /* 我的回帖@2x.png */; };
		04EB67DA1D508C2A00EF3640 /* 我的回帖@3x.png in Resources */ = {isa = PBXBuildFile; fileRef = 04EB67D01D508C2A00EF3640 /* 我的回帖@3x.png */; };
		04EB67DB1D508C2A00EF3640 /* 相机@2x.png in Resources */ = {isa = PBXBuildFile; fileRef = 04EB67D11D508C2A00EF3640 /* 相机@2x.png */; };
		04EB67DC1D508C2A00EF3640 /* 相机@3x.png in Resources */ = {isa = PBXBuildFile; fileRef = 04EB67D21D508C2A00EF3640 /* 相机@3x.png */; };
		04EB67DD1D508C2A00EF3640 /* 私信@2x.png in Resources */ = {isa = PBXBuildFile; fileRef = 04EB67D31D508C2A00EF3640 /* 私信@2x.png */; };
		04EB67DE1D508C2A00EF3640 /* 私信@3x.png in Resources */ = {isa = PBXBuildFile; fileRef = 04EB67D41D508C2A00EF3640 /* 私信@3x.png */; };
/* End PBXBuildFile section */

/* Begin PBXContainerItemProxy section */
		04EB67721D507D0F00EF3640 /* PBXContainerItemProxy */ = {
			isa = PBXContainerItemProxy;
			containerPortal = 04EB67501D507D0E00EF3640 /* Project object */;
			proxyType = 1;
			remoteGlobalIDString = 04EB67571D507D0E00EF3640;
			remoteInfo = "WMMenu-Demo";
		};
		04EB677D1D507D0F00EF3640 /* PBXContainerItemProxy */ = {
			isa = PBXContainerItemProxy;
			containerPortal = 04EB67501D507D0E00EF3640 /* Project object */;
			proxyType = 1;
			remoteGlobalIDString = 04EB67571D507D0E00EF3640;
			remoteInfo = "WMMenu-Demo";
		};
/* End PBXContainerItemProxy section */

/* Begin PBXFileReference section */
		04EB67581D507D0E00EF3640 /* WMMenu-Demo.app */ = {isa = PBXFileReference; explicitFileType = wrapper.application; includeInIndex = 0; path = "WMMenu-Demo.app"; sourceTree = BUILT_PRODUCTS_DIR; };
		04EB675C1D507D0E00EF3640 /* main.m */ = {isa = PBXFileReference; lastKnownFileType = sourcecode.c.objc; path = main.m; sourceTree = "<group>"; };
		04EB675E1D507D0E00EF3640 /* AppDelegate.h */ = {isa = PBXFileReference; lastKnownFileType = sourcecode.c.h; path = AppDelegate.h; sourceTree = "<group>"; };
		04EB675F1D507D0E00EF3640 /* AppDelegate.m */ = {isa = PBXFileReference; lastKnownFileType = sourcecode.c.objc; path = AppDelegate.m; sourceTree = "<group>"; };
		04EB67611D507D0E00EF3640 /* ViewController.h */ = {isa = PBXFileReference; lastKnownFileType = sourcecode.c.h; path = ViewController.h; sourceTree = "<group>"; };
		04EB67621D507D0E00EF3640 /* ViewController.m */ = {isa = PBXFileReference; lastKnownFileType = sourcecode.c.objc; path = ViewController.m; sourceTree = "<group>"; };
		04EB67651D507D0E00EF3640 /* Base */ = {isa = PBXFileReference; lastKnownFileType = file.storyboard; name = Base; path = Base.lproj/Main.storyboard; sourceTree = "<group>"; };
		04EB67671D507D0E00EF3640 /* Assets.xcassets */ = {isa = PBXFileReference; lastKnownFileType = folder.assetcatalog; path = Assets.xcassets; sourceTree = "<group>"; };
		04EB676A1D507D0E00EF3640 /* Base */ = {isa = PBXFileReference; lastKnownFileType = file.storyboard; name = Base; path = Base.lproj/LaunchScreen.storyboard; sourceTree = "<group>"; };
		04EB676C1D507D0E00EF3640 /* Info.plist */ = {isa = PBXFileReference; lastKnownFileType = text.plist.xml; path = Info.plist; sourceTree = "<group>"; };
		04EB67711D507D0F00EF3640 /* WMMenu-DemoTests.xctest */ = {isa = PBXFileReference; explicitFileType = wrapper.cfbundle; includeInIndex = 0; path = "WMMenu-DemoTests.xctest"; sourceTree = BUILT_PRODUCTS_DIR; };
		04EB67751D507D0F00EF3640 /* WMMenu_DemoTests.m */ = {isa = PBXFileReference; lastKnownFileType = sourcecode.c.objc; path = WMMenu_DemoTests.m; sourceTree = "<group>"; };
		04EB67771D507D0F00EF3640 /* Info.plist */ = {isa = PBXFileReference; lastKnownFileType = text.plist.xml; path = Info.plist; sourceTree = "<group>"; };
		04EB677C1D507D0F00EF3640 /* WMMenu-DemoUITests.xctest */ = {isa = PBXFileReference; explicitFileType = wrapper.cfbundle; includeInIndex = 0; path = "WMMenu-DemoUITests.xctest"; sourceTree = BUILT_PRODUCTS_DIR; };
		04EB67801D507D0F00EF3640 /* WMMenu_DemoUITests.m */ = {isa = PBXFileReference; lastKnownFileType = sourcecode.c.objc; path = WMMenu_DemoUITests.m; sourceTree = "<group>"; };
		04EB67821D507D0F00EF3640 /* Info.plist */ = {isa = PBXFileReference; lastKnownFileType = text.plist.xml; path = Info.plist; sourceTree = "<group>"; };
		04EB678F1D507DAA00EF3640 /* WMMenu.h */ = {isa = PBXFileReference; fileEncoding = 4; lastKnownFileType = sourcecode.c.h; path = WMMenu.h; sourceTree = "<group>"; };
		04EB67901D507DAA00EF3640 /* WMMenu.m */ = {isa = PBXFileReference; fileEncoding = 4; lastKnownFileType = sourcecode.c.objc; path = WMMenu.m; sourceTree = "<group>"; };
		04EB67921D507DD400EF3640 /* WMMenuItem.h */ = {isa = PBXFileReference; fileEncoding = 4; lastKnownFileType = sourcecode.c.h; path = WMMenuItem.h; sourceTree = "<group>"; };
		04EB67931D507DD400EF3640 /* WMMenuItem.m */ = {isa = PBXFileReference; fileEncoding = 4; lastKnownFileType = sourcecode.c.objc; path = WMMenuItem.m; sourceTree = "<group>"; };
		04EB67CB1D508C2A00EF3640 /* 回复我的@2x.png */ = {isa = PBXFileReference; lastKnownFileType = image.png; path = "回复我的@2x.png"; sourceTree = "<group>"; };
		04EB67CC1D508C2A00EF3640 /* 回复我的@3x.png */ = {isa = PBXFileReference; lastKnownFileType = image.png; path = "回复我的@3x.png"; sourceTree = "<group>"; };
		04EB67CD1D508C2A00EF3640 /* 我的发帖@2x.png */ = {isa = PBXFileReference; lastKnownFileType = image.png; path = "我的发帖@2x.png"; sourceTree = "<group>"; };
		04EB67CE1D508C2A00EF3640 /* 我的发帖@3x.png */ = {isa = PBXFileReference; lastKnownFileType = image.png; path = "我的发帖@3x.png"; sourceTree = "<group>"; };
		04EB67CF1D508C2A00EF3640 /* 我的回帖@2x.png */ = {isa = PBXFileReference; lastKnownFileType = image.png; path = "我的回帖@2x.png"; sourceTree = "<group>"; };
		04EB67D01D508C2A00EF3640 /* 我的回帖@3x.png */ = {isa = PBXFileReference; lastKnownFileType = image.png; path = "我的回帖@3x.png"; sourceTree = "<group>"; };
		04EB67D11D508C2A00EF3640 /* 相机@2x.png */ = {isa = PBXFileReference; lastKnownFileType = image.png; path = "相机@2x.png"; sourceTree = "<group>"; };
		04EB67D21D508C2A00EF3640 /* 相机@3x.png */ = {isa = PBXFileReference; lastKnownFileType = image.png; path = "相机@3x.png"; sourceTree = "<group>"; };
		04EB67D31D508C2A00EF3640 /* 私信@2x.png */ = {isa = PBXFileReference; lastKnownFileType = image.png; path = "私信@2x.png"; sourceTree = "<group>"; };
		04EB67D41D508C2A00EF3640 /* 私信@3x.png */ = {isa = PBXFileReference; lastKnownFileType = image.png; path = "私信@3x.png"; sourceTree = "<group>"; };
/* End PBXFileReference section */

/* Begin PBXFrameworksBuildPhase section */
		04EB67551D507D0E00EF3640 /* Frameworks */ = {
			isa = PBXFrameworksBuildPhase;
			buildActionMask = 2147483647;
			files = (
			);
			runOnlyForDeploymentPostprocessing = 0;
		};
		04EB676E1D507D0F00EF3640 /* Frameworks */ = {
			isa = PBXFrameworksBuildPhase;
			buildActionMask = 2147483647;
			files = (
			);
			runOnlyForDeploymentPostprocessing = 0;
		};
		04EB67791D507D0F00EF3640 /* Frameworks */ = {
			isa = PBXFrameworksBuildPhase;
			buildActionMask = 2147483647;
			files = (
			);
			runOnlyForDeploymentPostprocessing = 0;
		};
/* End PBXFrameworksBuildPhase section */

/* Begin PBXGroup section */
		04EB674F1D507D0E00EF3640 = {
			isa = PBXGroup;
			children = (
				04EB675A1D507D0E00EF3640 /* WMMenu-Demo */,
				04EB67741D507D0F00EF3640 /* WMMenu-DemoTests */,
				04EB677F1D507D0F00EF3640 /* WMMenu-DemoUITests */,
				04EB67591D507D0E00EF3640 /* Products */,
			);
			sourceTree = "<group>";
		};
		04EB67591D507D0E00EF3640 /* Products */ = {
			isa = PBXGroup;
			children = (
				04EB67581D507D0E00EF3640 /* WMMenu-Demo.app */,
				04EB67711D507D0F00EF3640 /* WMMenu-DemoTests.xctest */,
				04EB677C1D507D0F00EF3640 /* WMMenu-DemoUITests.xctest */,
			);
			name = Products;
			sourceTree = "<group>";
		};
		04EB675A1D507D0E00EF3640 /* WMMenu-Demo */ = {
			isa = PBXGroup;
			children = (
				04EB67CA1D508C2A00EF3640 /* image */,
				04EB678E1D507D2A00EF3640 /* WMMenu */,
				04EB675E1D507D0E00EF3640 /* AppDelegate.h */,
				04EB675F1D507D0E00EF3640 /* AppDelegate.m */,
				04EB67611D507D0E00EF3640 /* ViewController.h */,
				04EB67621D507D0E00EF3640 /* ViewController.m */,
				04EB67641D507D0E00EF3640 /* Main.storyboard */,
				04EB67671D507D0E00EF3640 /* Assets.xcassets */,
				04EB67691D507D0E00EF3640 /* LaunchScreen.storyboard */,
				04EB676C1D507D0E00EF3640 /* Info.plist */,
				04EB675B1D507D0E00EF3640 /* Supporting Files */,
			);
			path = "WMMenu-Demo";
			sourceTree = "<group>";
		};
		04EB675B1D507D0E00EF3640 /* Supporting Files */ = {
			isa = PBXGroup;
			children = (
				04EB675C1D507D0E00EF3640 /* main.m */,
			);
			name = "Supporting Files";
			sourceTree = "<group>";
		};
		04EB67741D507D0F00EF3640 /* WMMenu-DemoTests */ = {
			isa = PBXGroup;
			children = (
				04EB67751D507D0F00EF3640 /* WMMenu_DemoTests.m */,
				04EB67771D507D0F00EF3640 /* Info.plist */,
			);
			path = "WMMenu-DemoTests";
			sourceTree = "<group>";
		};
		04EB677F1D507D0F00EF3640 /* WMMenu-DemoUITests */ = {
			isa = PBXGroup;
			children = (
				04EB67801D507D0F00EF3640 /* WMMenu_DemoUITests.m */,
				04EB67821D507D0F00EF3640 /* Info.plist */,
			);
			path = "WMMenu-DemoUITests";
			sourceTree = "<group>";
		};
		04EB678E1D507D2A00EF3640 /* WMMenu */ = {
			isa = PBXGroup;
			children = (
				04EB678F1D507DAA00EF3640 /* WMMenu.h */,
				04EB67901D507DAA00EF3640 /* WMMenu.m */,
				04EB67921D507DD400EF3640 /* WMMenuItem.h */,
				04EB67931D507DD400EF3640 /* WMMenuItem.m */,
			);
			path = WMMenu;
			sourceTree = "<group>";
		};
		04EB67CA1D508C2A00EF3640 /* image */ = {
			isa = PBXGroup;
			children = (
				04EB67CB1D508C2A00EF3640 /* 回复我的@2x.png */,
				04EB67CC1D508C2A00EF3640 /* 回复我的@3x.png */,
				04EB67CD1D508C2A00EF3640 /* 我的发帖@2x.png */,
				04EB67CE1D508C2A00EF3640 /* 我的发帖@3x.png */,
				04EB67CF1D508C2A00EF3640 /* 我的回帖@2x.png */,
				04EB67D01D508C2A00EF3640 /* 我的回帖@3x.png */,
				04EB67D11D508C2A00EF3640 /* 相机@2x.png */,
				04EB67D21D508C2A00EF3640 /* 相机@3x.png */,
				04EB67D31D508C2A00EF3640 /* 私信@2x.png */,
				04EB67D41D508C2A00EF3640 /* 私信@3x.png */,
			);
			path = image;
			sourceTree = "<group>";
		};
/* End PBXGroup section */

/* Begin PBXNativeTarget section */
		04EB67571D507D0E00EF3640 /* WMMenu-Demo */ = {
			isa = PBXNativeTarget;
			buildConfigurationList = 04EB67851D507D0F00EF3640 /* Build configuration list for PBXNativeTarget "WMMenu-Demo" */;
			buildPhases = (
				04EB67541D507D0E00EF3640 /* Sources */,
				04EB67551D507D0E00EF3640 /* Frameworks */,
				04EB67561D507D0E00EF3640 /* Resources */,
			);
			buildRules = (
			);
			dependencies = (
			);
			name = "WMMenu-Demo";
			productName = "WMMenu-Demo";
			productReference = 04EB67581D507D0E00EF3640 /* WMMenu-Demo.app */;
			productType = "com.apple.product-type.application";
		};
		04EB67701D507D0F00EF3640 /* WMMenu-DemoTests */ = {
			isa = PBXNativeTarget;
			buildConfigurationList = 04EB67881D507D0F00EF3640 /* Build configuration list for PBXNativeTarget "WMMenu-DemoTests" */;
			buildPhases = (
				04EB676D1D507D0F00EF3640 /* Sources */,
				04EB676E1D507D0F00EF3640 /* Frameworks */,
				04EB676F1D507D0F00EF3640 /* Resources */,
			);
			buildRules = (
			);
			dependencies = (
				04EB67731D507D0F00EF3640 /* PBXTargetDependency */,
			);
			name = "WMMenu-DemoTests";
			productName = "WMMenu-DemoTests";
			productReference = 04EB67711D507D0F00EF3640 /* WMMenu-DemoTests.xctest */;
			productType = "com.apple.product-type.bundle.unit-test";
		};
		04EB677B1D507D0F00EF3640 /* WMMenu-DemoUITests */ = {
			isa = PBXNativeTarget;
			buildConfigurationList = 04EB678B1D507D0F00EF3640 /* Build configuration list for PBXNativeTarget "WMMenu-DemoUITests" */;
			buildPhases = (
				04EB67781D507D0F00EF3640 /* Sources */,
				04EB67791D507D0F00EF3640 /* Frameworks */,
				04EB677A1D507D0F00EF3640 /* Resources */,
			);
			buildRules = (
			);
			dependencies = (
				04EB677E1D507D0F00EF3640 /* PBXTargetDependency */,
			);
			name = "WMMenu-DemoUITests";
			productName = "WMMenu-DemoUITests";
			productReference = 04EB677C1D507D0F00EF3640 /* WMMenu-DemoUITests.xctest */;
			productType = "com.apple.product-type.bundle.ui-testing";
		};
/* End PBXNativeTarget section */

/* Begin PBXProject section */
		04EB67501D507D0E00EF3640 /* Project object */ = {
			isa = PBXProject;
			attributes = {
				CLASSPREFIX = WM;
				LastUpgradeCheck = 0730;
				ORGANIZATIONNAME = WM;
				TargetAttributes = {
					04EB67571D507D0E00EF3640 = {
						CreatedOnToolsVersion = 7.3;
					};
					04EB67701D507D0F00EF3640 = {
						CreatedOnToolsVersion = 7.3;
						TestTargetID = 04EB67571D507D0E00EF3640;
					};
					04EB677B1D507D0F00EF3640 = {
						CreatedOnToolsVersion = 7.3;
						TestTargetID = 04EB67571D507D0E00EF3640;
					};
				};
			};
			buildConfigurationList = 04EB67531D507D0E00EF3640 /* Build configuration list for PBXProject "WMMenu-Demo" */;
			compatibilityVersion = "Xcode 3.2";
			developmentRegion = English;
			hasScannedForEncodings = 0;
			knownRegions = (
				en,
				Base,
			);
			mainGroup = 04EB674F1D507D0E00EF3640;
			productRefGroup = 04EB67591D507D0E00EF3640 /* Products */;
			projectDirPath = "";
			projectRoot = "";
			targets = (
				04EB67571D507D0E00EF3640 /* WMMenu-Demo */,
				04EB67701D507D0F00EF3640 /* WMMenu-DemoTests */,
				04EB677B1D507D0F00EF3640 /* WMMenu-DemoUITests */,
			);
		};
/* End PBXProject section */

/* Begin PBXResourcesBuildPhase section */
		04EB67561D507D0E00EF3640 /* Resources */ = {
			isa = PBXResourcesBuildPhase;
			buildActionMask = 2147483647;
			files = (
				04EB67D71D508C2A00EF3640 /* 我的发帖@2x.png in Resources */,
				04EB67D91D508C2A00EF3640 /* 我的回帖@2x.png in Resources */,
				04EB67D51D508C2A00EF3640 /* 回复我的@2x.png in Resources */,
				04EB676B1D507D0E00EF3640 /* LaunchScreen.storyboard in Resources */,
				04EB67DB1D508C2A00EF3640 /* 相机@2x.png in Resources */,
				04EB67DE1D508C2A00EF3640 /* 私信@3x.png in Resources */,
				04EB67681D507D0E00EF3640 /* Assets.xcassets in Resources */,
				04EB67D81D508C2A00EF3640 /* 我的发帖@3x.png in Resources */,
				04EB67D61D508C2A00EF3640 /* 回复我的@3x.png in Resources */,
				04EB67DD1D508C2A00EF3640 /* 私信@2x.png in Resources */,
				04EB67661D507D0E00EF3640 /* Main.storyboard in Resources */,
				04EB67DC1D508C2A00EF3640 /* 相机@3x.png in Resources */,
				04EB67DA1D508C2A00EF3640 /* 我的回帖@3x.png in Resources */,
			);
			runOnlyForDeploymentPostprocessing = 0;
		};
		04EB676F1D507D0F00EF3640 /* Resources */ = {
			isa = PBXResourcesBuildPhase;
			buildActionMask = 2147483647;
			files = (
			);
			runOnlyForDeploymentPostprocessing = 0;
		};
		04EB677A1D507D0F00EF3640 /* Resources */ = {
			isa = PBXResourcesBuildPhase;
			buildActionMask = 2147483647;
			files = (
			);
			runOnlyForDeploymentPostprocessing = 0;
		};
/* End PBXResourcesBuildPhase section */

/* Begin PBXSourcesBuildPhase section */
		04EB67541D507D0E00EF3640 /* Sources */ = {
			isa = PBXSourcesBuildPhase;
			buildActionMask = 2147483647;
			files = (
				04EB67911D507DAA00EF3640 /* WMMenu.m in Sources */,
				04EB67941D507DD400EF3640 /* WMMenuItem.m in Sources */,
				04EB67631D507D0E00EF3640 /* ViewController.m in Sources */,
				04EB67601D507D0E00EF3640 /* AppDelegate.m in Sources */,
				04EB675D1D507D0E00EF3640 /* main.m in Sources */,
			);
			runOnlyForDeploymentPostprocessing = 0;
		};
		04EB676D1D507D0F00EF3640 /* Sources */ = {
			isa = PBXSourcesBuildPhase;
			buildActionMask = 2147483647;
			files = (
				04EB67761D507D0F00EF3640 /* WMMenu_DemoTests.m in Sources */,
			);
			runOnlyForDeploymentPostprocessing = 0;
		};
		04EB67781D507D0F00EF3640 /* Sources */ = {
			isa = PBXSourcesBuildPhase;
			buildActionMask = 2147483647;
			files = (
				04EB67811D507D0F00EF3640 /* WMMenu_DemoUITests.m in Sources */,
			);
			runOnlyForDeploymentPostprocessing = 0;
		};
/* End PBXSourcesBuildPhase section */

/* Begin PBXTargetDependency section */
		04EB67731D507D0F00EF3640 /* PBXTargetDependency */ = {
			isa = PBXTargetDependency;
			target = 04EB67571D507D0E00EF3640 /* WMMenu-Demo */;
			targetProxy = 04EB67721D507D0F00EF3640 /* PBXContainerItemProxy */;
		};
		04EB677E1D507D0F00EF3640 /* PBXTargetDependency */ = {
			isa = PBXTargetDependency;
			target = 04EB67571D507D0E00EF3640 /* WMMenu-Demo */;
			targetProxy = 04EB677D1D507D0F00EF3640 /* PBXContainerItemProxy */;
		};
/* End PBXTargetDependency section */

/* Begin PBXVariantGroup section */
		04EB67641D507D0E00EF3640 /* Main.storyboard */ = {
			isa = PBXVariantGroup;
			children = (
				04EB67651D507D0E00EF3640 /* Base */,
			);
			name = Main.storyboard;
			sourceTree = "<group>";
		};
		04EB67691D507D0E00EF3640 /* LaunchScreen.storyboard */ = {
			isa = PBXVariantGroup;
			children = (
				04EB676A1D507D0E00EF3640 /* Base */,
			);
			name = LaunchScreen.storyboard;
			sourceTree = "<group>";
		};
/* End PBXVariantGroup section */

/* Begin XCBuildConfiguration section */
		04EB67831D507D0F00EF3640 /* Debug */ = {
			isa = XCBuildConfiguration;
			buildSettings = {
				ALWAYS_SEARCH_USER_PATHS = NO;
				CLANG_ANALYZER_NONNULL = YES;
				CLANG_CXX_LANGUAGE_STANDARD = "gnu++0x";
				CLANG_CXX_LIBRARY = "libc++";
				CLANG_ENABLE_MODULES = YES;
				CLANG_ENABLE_OBJC_ARC = YES;
				CLANG_WARN_BOOL_CONVERSION = YES;
				CLANG_WARN_CONSTANT_CONVERSION = YES;
				CLANG_WARN_DIRECT_OBJC_ISA_USAGE = YES_ERROR;
				CLANG_WARN_EMPTY_BODY = YES;
				CLANG_WARN_ENUM_CONVERSION = YES;
				CLANG_WARN_INT_CONVERSION = YES;
				CLANG_WARN_OBJC_ROOT_CLASS = YES_ERROR;
				CLANG_WARN_UNREACHABLE_CODE = YES;
				CLANG_WARN__DUPLICATE_METHOD_MATCH = YES;
				"CODE_SIGN_IDENTITY[sdk=iphoneos*]" = "iPhone Developer";
				COPY_PHASE_STRIP = NO;
				DEBUG_INFORMATION_FORMAT = dwarf;
				ENABLE_STRICT_OBJC_MSGSEND = YES;
				ENABLE_TESTABILITY = YES;
				GCC_C_LANGUAGE_STANDARD = gnu99;
				GCC_DYNAMIC_NO_PIC = NO;
				GCC_NO_COMMON_BLOCKS = YES;
				GCC_OPTIMIZATION_LEVEL = 0;
				GCC_PREPROCESSOR_DEFINITIONS = (
					"DEBUG=1",
					"$(inherited)",
				);
				GCC_WARN_64_TO_32_BIT_CONVERSION = YES;
				GCC_WARN_ABOUT_RETURN_TYPE = YES_ERROR;
				GCC_WARN_UNDECLARED_SELECTOR = YES;
				GCC_WARN_UNINITIALIZED_AUTOS = YES_AGGRESSIVE;
				GCC_WARN_UNUSED_FUNCTION = YES;
				GCC_WARN_UNUSED_VARIABLE = YES;
				IPHONEOS_DEPLOYMENT_TARGET = 9.3;
				MTL_ENABLE_DEBUG_INFO = YES;
				ONLY_ACTIVE_ARCH = YES;
				SDKROOT = iphoneos;
			};
			name = Debug;
		};
		04EB67841D507D0F00EF3640 /* Release */ = {
			isa = XCBuildConfiguration;
			buildSettings = {
				ALWAYS_SEARCH_USER_PATHS = NO;
				CLANG_ANALYZER_NONNULL = YES;
				CLANG_CXX_LANGUAGE_STANDARD = "gnu++0x";
				CLANG_CXX_LIBRARY = "libc++";
				CLANG_ENABLE_MODULES = YES;
				CLANG_ENABLE_OBJC_ARC = YES;
				CLANG_WARN_BOOL_CONVERSION = YES;
				CLANG_WARN_CONSTANT_CONVERSION = YES;
				CLANG_WARN_DIRECT_OBJC_ISA_USAGE = YES_ERROR;
				CLANG_WARN_EMPTY_BODY = YES;
				CLANG_WARN_ENUM_CONVERSION = YES;
				CLANG_WARN_INT_CONVERSION = YES;
				CLANG_WARN_OBJC_ROOT_CLASS = YES_ERROR;
				CLANG_WARN_UNREACHABLE_CODE = YES;
				CLANG_WARN__DUPLICATE_METHOD_MATCH = YES;
				"CODE_SIGN_IDENTITY[sdk=iphoneos*]" = "iPhone Developer";
				COPY_PHASE_STRIP = NO;
				DEBUG_INFORMATION_FORMAT = "dwarf-with-dsym";
				ENABLE_NS_ASSERTIONS = NO;
				ENABLE_STRICT_OBJC_MSGSEND = YES;
				GCC_C_LANGUAGE_STANDARD = gnu99;
				GCC_NO_COMMON_BLOCKS = YES;
				GCC_WARN_64_TO_32_BIT_CONVERSION = YES;
				GCC_WARN_ABOUT_RETURN_TYPE = YES_ERROR;
				GCC_WARN_UNDECLARED_SELECTOR = YES;
				GCC_WARN_UNINITIALIZED_AUTOS = YES_AGGRESSIVE;
				GCC_WARN_UNUSED_FUNCTION = YES;
				GCC_WARN_UNUSED_VARIABLE = YES;
				IPHONEOS_DEPLOYMENT_TARGET = 9.3;
				MTL_ENABLE_DEBUG_INFO = NO;
				SDKROOT = iphoneos;
				VALIDATE_PRODUCT = YES;
			};
			name = Release;
		};
		04EB67861D507D0F00EF3640 /* Debug */ = {
			isa = XCBuildConfiguration;
			buildSettings = {
				ASSETCATALOG_COMPILER_APPICON_NAME = AppIcon;
				INFOPLIST_FILE = "WMMenu-Demo/Info.plist";
				LD_RUNPATH_SEARCH_PATHS = "$(inherited) @executable_path/Frameworks";
				PRODUCT_BUNDLE_IDENTIFIER = "WM.WMMenu-Demo";
				PRODUCT_NAME = "$(TARGET_NAME)";
			};
			name = Debug;
		};
		04EB67871D507D0F00EF3640 /* Release */ = {
			isa = XCBuildConfiguration;
			buildSettings = {
				ASSETCATALOG_COMPILER_APPICON_NAME = AppIcon;
				INFOPLIST_FILE = "WMMenu-Demo/Info.plist";
				LD_RUNPATH_SEARCH_PATHS = "$(inherited) @executable_path/Frameworks";
				PRODUCT_BUNDLE_IDENTIFIER = "WM.WMMenu-Demo";
				PRODUCT_NAME = "$(TARGET_NAME)";
			};
			name = Release;
		};
		04EB67891D507D0F00EF3640 /* Debug */ = {
			isa = XCBuildConfiguration;
			buildSettings = {
				BUNDLE_LOADER = "$(TEST_HOST)";
				INFOPLIST_FILE = "WMMenu-DemoTests/Info.plist";
				LD_RUNPATH_SEARCH_PATHS = "$(inherited) @executable_path/Frameworks @loader_path/Frameworks";
				PRODUCT_BUNDLE_IDENTIFIER = "WM.WMMenu-DemoTests";
				PRODUCT_NAME = "$(TARGET_NAME)";
				TEST_HOST = "$(BUILT_PRODUCTS_DIR)/WMMenu-Demo.app/WMMenu-Demo";
			};
			name = Debug;
		};
		04EB678A1D507D0F00EF3640 /* Release */ = {
			isa = XCBuildConfiguration;
			buildSettings = {
				BUNDLE_LOADER = "$(TEST_HOST)";
				INFOPLIST_FILE = "WMMenu-DemoTests/Info.plist";
				LD_RUNPATH_SEARCH_PATHS = "$(inherited) @executable_path/Frameworks @loader_path/Frameworks";
				PRODUCT_BUNDLE_IDENTIFIER = "WM.WMMenu-DemoTests";
				PRODUCT_NAME = "$(TARGET_NAME)";
				TEST_HOST = "$(BUILT_PRODUCTS_DIR)/WMMenu-Demo.app/WMMenu-Demo";
			};
			name = Release;
		};
		04EB678C1D507D0F00EF3640 /* Debug */ = {
			isa = XCBuildConfiguration;
			buildSettings = {
				INFOPLIST_FILE = "WMMenu-DemoUITests/Info.plist";
				LD_RUNPATH_SEARCH_PATHS = "$(inherited) @executable_path/Frameworks @loader_path/Frameworks";
				PRODUCT_BUNDLE_IDENTIFIER = "WM.WMMenu-DemoUITests";
				PRODUCT_NAME = "$(TARGET_NAME)";
				TEST_TARGET_NAME = "WMMenu-Demo";
			};
			name = Debug;
		};
		04EB678D1D507D0F00EF3640 /* Release */ = {
			isa = XCBuildConfiguration;
			buildSettings = {
				INFOPLIST_FILE = "WMMenu-DemoUITests/Info.plist";
				LD_RUNPATH_SEARCH_PATHS = "$(inherited) @executable_path/Frameworks @loader_path/Frameworks";
				PRODUCT_BUNDLE_IDENTIFIER = "WM.WMMenu-DemoUITests";
				PRODUCT_NAME = "$(TARGET_NAME)";
				TEST_TARGET_NAME = "WMMenu-Demo";
			};
			name = Release;
		};
/* End XCBuildConfiguration section */

/* Begin XCConfigurationList section */
		04EB67531D507D0E00EF3640 /* Build configuration list for PBXProject "WMMenu-Demo" */ = {
			isa = XCConfigurationList;
			buildConfigurations = (
				04EB67831D507D0F00EF3640 /* Debug */,
				04EB67841D507D0F00EF3640 /* Release */,
			);
			defaultConfigurationIsVisible = 0;
			defaultConfigurationName = Release;
		};
		04EB67851D507D0F00EF3640 /* Build configuration list for PBXNativeTarget "WMMenu-Demo" */ = {
			isa = XCConfigurationList;
			buildConfigurations = (
				04EB67861D507D0F00EF3640 /* Debug */,
				04EB67871D507D0F00EF3640 /* Release */,
			);
			defaultConfigurationIsVisible = 0;
			defaultConfigurationName = Release;
		};
		04EB67881D507D0F00EF3640 /* Build configuration list for PBXNativeTarget "WMMenu-DemoTests" */ = {
			isa = XCConfigurationList;
			buildConfigurations = (
				04EB67891D507D0F00EF3640 /* Debug */,
				04EB678A1D507D0F00EF3640 /* Release */,
			);
			defaultConfigurationIsVisible = 0;
			defaultConfigurationName = Release;
		};
		04EB678B1D507D0F00EF3640 /* Build configuration list for PBXNativeTarget "WMMenu-DemoUITests" */ = {
			isa = XCConfigurationList;
			buildConfigurations = (
				04EB678C1D507D0F00EF3640 /* Debug */,
				04EB678D1D507D0F00EF3640 /* Release */,
			);
			defaultConfigurationIsVisible = 0;
			defaultConfigurationName = Release;
		};
/* End XCConfigurationList section */
	};
	rootObject = 04EB67501D507D0E00EF3640 /* Project object */;
}
